
Microsoft Visual Studio Solution File, Format Version 12.00
# Visual Studio 15
VisualStudioVersion = 15.0.28010.2046
MinimumVisualStudioVersion = 10.0.40219.1
Project("{FAE04EC0-301F-11D3-BF4B-00C04F79EFBC}") = "ToDoApi", "ToDoApi\ToDoApi.csproj", "{60A6D73E-C270-4B65-AD95-6A2336E097BF}"
EndProject
Global
	GlobalSection(SolutionConfigurationPlatforms) = preSolution
		Debug|Any CPU = Debug|Any CPU
		Release|Any CPU = Release|Any CPU
	EndGlobalSection
	GlobalSection(ProjectConfigurationPlatforms) = postSolution
		{60A6D73E-C270-4B65-AD95-6A2336E097BF}.Debug|Any CPU.ActiveCfg = Debug|Any CPU
		{60A6D73E-C270-4B65-AD95-6A2336E097BF}.Debug|Any CPU.Build.0 = Debug|Any CPU
		{60A6D73E-C270-4B65-AD95-6A2336E097BF}.Release|Any CPU.ActiveCfg = Release|Any CPU
		{60A6D73E-C270-4B65-AD95-6A2336E097BF}.Release|Any CPU.Build.0 = Release|Any CPU
	EndGlobalSection
	GlobalSection(SolutionProperties) = preSolution
		HideSolutionNode = FALSE
	EndGlobalSection
	GlobalSection(ExtensibilityGlobals) = postSolution
		SolutionGuid = {ED44DF5F-6789-44D9-8BF6-54C2053DDEBD}
	EndGlobalSection
EndGlobal
